{
  "name": "reaboot-commons",
  "version": "0.0.0",
  "lockfileVersion": 3,
  "requires": true,
  "packages": {
    "": {
      "name": "reaboot-commons",
      "version": "0.0.0",
      "peerDependencies": {
        "@kobalte/core": "^0.13.3",
        "solid-js": "^1.8.17"
      }
    },
    "node_modules/@corvu/utils": {
      "version": "0.3.1",
      "resolved": "https://registry.npmjs.org/@corvu/utils/-/utils-0.3.1.tgz",
      "integrity": "sha512-M8ztDGmVuYsoF9+WHvhz+UtVtvqPeJa9KgwM3JETp770lMmpL8TG3ThAZIpHAl8OjUjDaLvMkd/f6FuyA/n50A==",
      "peer": true,
      "dependencies": {
        "@floating-ui/dom": "^1.6.5"
      },
      "peerDependencies": {
        "solid-js": "^1.8"
      }
    },
    "node_modules/@floating-ui/core": {
      "version": "1.6.3",
      "resolved": "https://registry.npmjs.org/@floating-ui/core/-/core-1.6.3.tgz",
      "integrity": "sha512-1ZpCvYf788/ZXOhRQGFxnYQOVgeU+pi0i+d0Ow34La7qjIXETi6RNswGVKkA6KcDO8/+Ysu2E/CeUmmeEBDvTg==",
      "peer": true,
      "dependencies": {
        "@floating-ui/utils": "^0.2.3"
      }
    },
    "node_modules/@floating-ui/dom": {
      "version": "1.6.6",
      "resolved": "https://registry.npmjs.org/@floating-ui/dom/-/dom-1.6.6.tgz",
      "integrity": "sha512-qiTYajAnh3P+38kECeffMSQgbvXty2VB6rS+42iWR4FPIlZjLK84E9qtLnMTLIpPz2znD/TaFqaiavMUrS+Hcw==",
      "peer": true,
      "dependencies": {
        "@floating-ui/core": "^1.0.0",
        "@floating-ui/utils": "^0.2.3"
      }
    },
    "node_modules/@floating-ui/utils": {
      "version": "0.2.3",
      "resolved": "https://registry.npmjs.org/@floating-ui/utils/-/utils-0.2.3.tgz",
      "integrity": "sha512-XGndio0l5/Gvd6CLIABvsav9HHezgDFFhDfHk1bvLfr9ni8dojqLSvBbotJEjmIwNHL7vK4QzBJTdBRoB+c1ww==",
      "peer": true
    },
    "node_modules/@internationalized/date": {
      "version": "3.5.4",
      "resolved": "https://registry.npmjs.org/@internationalized/date/-/date-3.5.4.tgz",
      "integrity": "sha512-qoVJVro+O0rBaw+8HPjUB1iH8Ihf8oziEnqMnvhJUSuVIrHOuZ6eNLHNvzXJKUvAtaDiqMnRlg8Z2mgh09BlUw==",
      "peer": true,
      "dependencies": {
        "@swc/helpers": "^0.5.0"
      }
    },
    "node_modules/@internationalized/number": {
      "version": "3.5.3",
      "resolved": "https://registry.npmjs.org/@internationalized/number/-/number-3.5.3.tgz",
      "integrity": "sha512-rd1wA3ebzlp0Mehj5YTuTI50AQEx80gWFyHcQu+u91/5NgdwBecO8BH6ipPfE+lmQ9d63vpB3H9SHoIUiupllw==",
      "peer": true,
      "dependencies": {
        "@swc/helpers": "^0.5.0"
      }
    },
    "node_modules/@kobalte/core": {
      "version": "0.13.3",
      "resolved": "https://registry.npmjs.org/@kobalte/core/-/core-0.13.3.tgz",
      "integrity": "sha512-7ansvAwiIz2EYuifI8jmGj+ZNG/3R4hdkXZkCEFVKsQzq3vZpuSiAXgrdZeQOR4Zby7gxLOzpakjfv7D/3PPGw==",
      "peer": true,
      "dependencies": {
        "@floating-ui/dom": "^1.5.1",
        "@internationalized/date": "^3.4.0",
        "@internationalized/number": "^3.2.1",
        "@kobalte/utils": "^0.9.0",
        "solid-presence": "^0.1.6",
        "solid-prevent-scroll": "^0.1.4"
      },
      "peerDependencies": {
        "solid-js": "^1.8.15"
      }
    },
    "node_modules/@kobalte/utils": {
      "version": "0.9.0",
      "resolved": "https://registry.npmjs.org/@kobalte/utils/-/utils-0.9.0.tgz",
      "integrity": "sha512-TYVCpQcpqo1+0HBn3NXoGEBzxd4tH6Um1oc07nrYw1V7Qq0qbMaYAOnfBc1qhlh7sGV4XZldmb0j13Of0FrZQg==",
      "peer": true,
      "dependencies": {
        "@solid-primitives/event-listener": "^2.2.14",
        "@solid-primitives/keyed": "^1.2.0",
        "@solid-primitives/map": "^0.4.7",
        "@solid-primitives/media": "^2.2.4",
        "@solid-primitives/props": "^3.1.8",
        "@solid-primitives/refs": "^1.0.5",
        "@solid-primitives/utils": "^6.2.1"
      },
      "peerDependencies": {
        "solid-js": "^1.7.11"
      }
    },
    "node_modules/@solid-primitives/event-listener": {
      "version": "2.3.3",
      "resolved": "https://registry.npmjs.org/@solid-primitives/event-listener/-/event-listener-2.3.3.tgz",
      "integrity": "sha512-DAJbl+F0wrFW2xmcV8dKMBhk9QLVLuBSW+TR4JmIfTaObxd13PuL7nqaXnaYKDWOYa6otB00qcCUIGbuIhSUgQ==",
      "peer": true,
      "dependencies": {
        "@solid-primitives/utils": "^6.2.3"
      },
      "peerDependencies": {
        "solid-js": "^1.6.12"
      }
    },
    "node_modules/@solid-primitives/keyed": {
      "version": "1.2.2",
      "resolved": "https://registry.npmjs.org/@solid-primitives/keyed/-/keyed-1.2.2.tgz",
      "integrity": "sha512-oBziY40JK4XmJ57XGkFl8j0GtEarSu0hhjdkUQgqL/U0QQE3TZrRo9uhgH7I6VGJKBKG7SAraTPE6S5lVLM1ow==",
      "peer": true,
      "peerDependencies": {
        "solid-js": "^1.6.12"
      }
    },
    "node_modules/@solid-primitives/map": {
      "version": "0.4.11",
      "resolved": "https://registry.npmjs.org/@solid-primitives/map/-/map-0.4.11.tgz",
      "integrity": "sha512-OAD65RPxMDYv41oAvadPCqedZfDX92BbWLUC+Qwh9okVMDAF/5UM+t1916OAfGV01Cr30d/fxIT1x86P+gFgSQ==",
      "peer": true,
      "dependencies": {
        "@solid-primitives/trigger": "^1.0.11"
      },
      "peerDependencies": {
        "solid-js": "^1.6.12"
      }
    },
    "node_modules/@solid-primitives/media": {
      "version": "2.2.9",
      "resolved": "https://registry.npmjs.org/@solid-primitives/media/-/media-2.2.9.tgz",
      "integrity": "sha512-QUmU62D4/d9YWx/4Dvr/UZasIkIpqNXz7wosA5GLmesRW9XlPa3G5M6uOmTw73SByHNTCw0D6x8bSdtvvLgzvQ==",
      "peer": true,
      "dependencies": {
        "@solid-primitives/event-listener": "^2.3.3",
        "@solid-primitives/rootless": "^1.4.5",
        "@solid-primitives/static-store": "^0.0.8",
        "@solid-primitives/utils": "^6.2.3"
      },
      "peerDependencies": {
        "solid-js": "^1.6.12"
      }
    },
    "node_modules/@solid-primitives/props": {
      "version": "3.1.11",
      "resolved": "https://registry.npmjs.org/@solid-primitives/props/-/props-3.1.11.tgz",
      "integrity": "sha512-jZAKWwvDRHjiydIumDgMj68qviIbowQ1ci7nkEAgzgvanNkhKSQV8iPgR2jMk1uv7S2ZqXYHslVQTgJel/TEyg==",
      "peer": true,
      "dependencies": {
        "@solid-primitives/utils": "^6.2.3"
      },
      "peerDependencies": {
        "solid-js": "^1.6.12"
      }
    },
    "node_modules/@solid-primitives/refs": {
      "version": "1.0.8",
      "resolved": "https://registry.npmjs.org/@solid-primitives/refs/-/refs-1.0.8.tgz",
      "integrity": "sha512-+jIsWG8/nYvhaCoG2Vg6CJOLgTmPKFbaCrNQKWfChalgUf9WrVxWw0CdJb3yX15n5lUcQ0jBo6qYtuVVmBLpBw==",
      "peer": true,
      "dependencies": {
        "@solid-primitives/utils": "^6.2.3"
      },
      "peerDependencies": {
        "solid-js": "^1.6.12"
      }
    },
    "node_modules/@solid-primitives/rootless": {
      "version": "1.4.5",
      "resolved": "https://registry.npmjs.org/@solid-primitives/rootless/-/rootless-1.4.5.tgz",
      "integrity": "sha512-GFJE9GC3ojx0aUKqAUZmQPyU8fOVMtnVNrkdk2yS4kd17WqVSpXpoTmo9CnOwA+PG7FTzdIkogvfLQSLs4lrww==",
      "peer": true,
      "dependencies": {
        "@solid-primitives/utils": "^6.2.3"
      },
      "peerDependencies": {
        "solid-js": "^1.6.12"
      }
    },
    "node_modules/@solid-primitives/static-store": {
      "version": "0.0.8",
      "resolved": "https://registry.npmjs.org/@solid-primitives/static-store/-/static-store-0.0.8.tgz",
      "integrity": "sha512-ZecE4BqY0oBk0YG00nzaAWO5Mjcny8Fc06CdbXadH9T9lzq/9GefqcSe/5AtdXqjvY/DtJ5C6CkcjPZO0o/eqg==",
      "peer": true,
      "dependencies": {
        "@solid-primitives/utils": "^6.2.3"
      },
      "peerDependencies": {
        "solid-js": "^1.6.12"
      }
    },
    "node_modules/@solid-primitives/trigger": {
      "version": "1.0.11",
      "resolved": "https://registry.npmjs.org/@solid-primitives/trigger/-/trigger-1.0.11.tgz",
      "integrity": "sha512-4oc8grBzBit7ByXgE1aZ0QXfhdlhXaiFjDKYsOhRyUJa8fN4hdr2IgsYqjmHwxyjK+Dm2OUwkCI1bGkaLgtgXg==",
      "peer": true,
      "dependencies": {
        "@solid-primitives/utils": "^6.2.3"
      },
      "peerDependencies": {
        "solid-js": "^1.6.12"
      }
    },
    "node_modules/@solid-primitives/utils": {
      "version": "6.2.3",
      "resolved": "https://registry.npmjs.org/@solid-primitives/utils/-/utils-6.2.3.tgz",
      "integrity": "sha512-CqAwKb2T5Vi72+rhebSsqNZ9o67buYRdEJrIFzRXz3U59QqezuuxPsyzTSVCacwS5Pf109VRsgCJQoxKRoECZQ==",
      "peer": true,
      "peerDependencies": {
        "solid-js": "^1.6.12"
      }
    },
    "node_modules/@swc/helpers": {
      "version": "0.5.11",
      "resolved": "https://registry.npmjs.org/@swc/helpers/-/helpers-0.5.11.tgz",
      "integrity": "sha512-YNlnKRWF2sVojTpIyzwou9XoTNbzbzONwRhOoniEioF1AtaitTvVZblaQRrAzChWQ1bLYyYSWzM18y4WwgzJ+A==",
      "peer": true,
      "dependencies": {
        "tslib": "^2.4.0"
      }
    },
    "node_modules/csstype": {
      "version": "3.1.3",
      "resolved": "https://registry.npmjs.org/csstype/-/csstype-3.1.3.tgz",
      "integrity": "sha512-M1uQkMl8rQK/szD0LNhtqxIPLpimGm8sOBwU7lLnCpSbTyY3yeU1Vc7l4KT5zT4s/yOxHH5O7tIuuLOCnLADRw==",
      "peer": true
    },
    "node_modules/seroval": {
      "version": "1.0.7",
      "resolved": "https://registry.npmjs.org/seroval/-/seroval-1.0.7.tgz",
      "integrity": "sha512-n6ZMQX5q0Vn19Zq7CIKNIo7E75gPkGCFUEqDpa8jgwpYr/vScjqnQ6H09t1uIiZ0ZSK0ypEGvrYK2bhBGWsGdw==",
      "peer": true,
      "engines": {
        "node": ">=10"
      }
    },
    "node_modules/seroval-plugins": {
      "version": "1.0.7",
      "resolved": "https://registry.npmjs.org/seroval-plugins/-/seroval-plugins-1.0.7.tgz",
      "integrity": "sha512-GO7TkWvodGp6buMEX9p7tNyIkbwlyuAWbI6G9Ec5bhcm7mQdu3JOK1IXbEUwb3FVzSc363GraG/wLW23NSavIw==",
      "peer": true,
      "engines": {
        "node": ">=10"
      },
      "peerDependencies": {
        "seroval": "^1.0"
      }
    },
    "node_modules/solid-js": {
      "version": "1.8.17",
      "resolved": "https://registry.npmjs.org/solid-js/-/solid-js-1.8.17.tgz",
      "integrity": "sha512-E0FkUgv9sG/gEBWkHr/2XkBluHb1fkrHywUgA6o6XolPDCJ4g1HaLmQufcBBhiF36ee40q+HpG/vCZu7fLpI3Q==",
      "peer": true,
      "dependencies": {
        "csstype": "^3.1.0",
        "seroval": "^1.0.4",
        "seroval-plugins": "^1.0.3"
      }
    },
    "node_modules/solid-presence": {
      "version": "0.1.7",
      "resolved": "https://registry.npmjs.org/solid-presence/-/solid-presence-0.1.7.tgz",
      "integrity": "sha512-786JcN2PFCSKKOIQ7Zg0GZuy2vmtF8b78WZDbOIzzVOCcZF/ovZTCZOY11lUYiKqPCXxeLxh8kBLoFF1X42i9w==",
      "peer": true,
      "dependencies": {
        "@corvu/utils": "~0.3.1"
      },
      "peerDependencies": {
        "solid-js": "^1.8"
      }
    },
    "node_modules/solid-prevent-scroll": {
      "version": "0.1.8",
      "resolved": "https://registry.npmjs.org/solid-prevent-scroll/-/solid-prevent-scroll-0.1.8.tgz",
      "integrity": "sha512-15lgvZB807h3vqtS9kPpTIktHrvfnXto4gyaNueutk7/IPm0ZdlX0xDHCfMpMCThpq2P2jPTQXGbvJLQI2vO6A==",
      "peer": true,
      "dependencies": {
        "@corvu/utils": "~0.3.1"
      },
      "peerDependencies": {
        "solid-js": "^1.8"
      }
    },
    "node_modules/tslib": {
      "version": "2.6.3",
      "resolved": "https://registry.npmjs.org/tslib/-/tslib-2.6.3.tgz",
      "integrity": "sha512-xNvxJEOUiWPGhUuUdQgAJPKOOJfGnIyKySOc09XkKsgdUV/3E2zvwZYdejjmRgPCgcym1juLH3226yA7sEFJKQ==",
      "peer": true
    }
  }
}
